
Microsoft Visual Studio Solution File, Format Version 12.00
# Visual Studio Version 16
VisualStudioVersion = 16.0.33529.622
MinimumVisualStudioVersion = 10.0.40219.1
Project("{FAE04EC0-301F-11D3-BF4B-00C04F79EFBC}") = "2 Saving Accounts", "2 Saving Accounts\2 Saving Accounts.csproj", "{8B248677-05CD-4D5D-AD2C-79D6E1B2B55F}"
EndProject
Global
	GlobalSection(SolutionConfigurationPlatforms) = preSolution
		Debug|Any CPU = Debug|Any CPU
		Release|Any CPU = Release|Any CPU
	EndGlobalSection
	GlobalSection(ProjectConfigurationPlatforms) = postSolution
		{8B248677-05CD-4D5D-AD2C-79D6E1B2B55F}.Debug|Any CPU.ActiveCfg = Debug|Any CPU
		{8B248677-05CD-4D5D-AD2C-79D6E1B2B55F}.Debug|Any CPU.Build.0 = Debug|Any CPU
		{8B248677-05CD-4D5D-AD2C-79D6E1B2B55F}.Release|Any CPU.ActiveCfg = Release|Any CPU
		{8B248677-05CD-4D5D-AD2C-79D6E1B2B55F}.Release|Any CPU.Build.0 = Release|Any CPU
	EndGlobalSection
	GlobalSection(SolutionProperties) = preSolution
		HideSolutionNode = FALSE
	EndGlobalSection
	GlobalSection(ExtensibilityGlobals) = postSolution
		SolutionGuid = {79976337-A73A-4BC2-BDBD-CF8F30B1929A}
	EndGlobalSection
EndGlobal
